
Microsoft Visual Studio Solution File, Format Version 12.00
# Visual Studio Version 16
VisualStudioVersion = 16.0.28803.352
MinimumVisualStudioVersion = 10.0.40219.1
Project("{9A19103F-16F7-4668-BE54-9A1E7A4F7556}") = "circles.NET", "circles.NET\circles.NET.csproj", "{DFCAF4D2-2F09-4D75-A04D-A754D463DA47}"
EndProject
Project("{9A19103F-16F7-4668-BE54-9A1E7A4F7556}") = "circles.NET.V1.SampleApplication", "circles.NET.SampleApplication\circles.NET.V1.SampleApplication.csproj", "{F49A74EB-9A26-4851-8C34-F48D432F5035}"
EndProject
Project("{FAE04EC0-301F-11D3-BF4B-00C04F79EFBC}") = "circles.NET.V2.SampleApplication", "circles.NET.V2.SampleApplication\circles.NET.V2.SampleApplication.csproj", "{B20FA524-D7A0-4A86-A0D8-BAE33F6E3351}"
EndProject
Global
	GlobalSection(SolutionConfigurationPlatforms) = preSolution
		Debug|Any CPU = Debug|Any CPU
		Release|Any CPU = Release|Any CPU
	EndGlobalSection
	GlobalSection(ProjectConfigurationPlatforms) = postSolution
		{DFCAF4D2-2F09-4D75-A04D-A754D463DA47}.Debug|Any CPU.ActiveCfg = Debug|Any CPU
		{DFCAF4D2-2F09-4D75-A04D-A754D463DA47}.Debug|Any CPU.Build.0 = Debug|Any CPU
		{DFCAF4D2-2F09-4D75-A04D-A754D463DA47}.Release|Any CPU.ActiveCfg = Release|Any CPU
		{DFCAF4D2-2F09-4D75-A04D-A754D463DA47}.Release|Any CPU.Build.0 = Release|Any CPU
		{F49A74EB-9A26-4851-8C34-F48D432F5035}.Debug|Any CPU.ActiveCfg = Debug|Any CPU
		{F49A74EB-9A26-4851-8C34-F48D432F5035}.Debug|Any CPU.Build.0 = Debug|Any CPU
		{F49A74EB-9A26-4851-8C34-F48D432F5035}.Release|Any CPU.ActiveCfg = Release|Any CPU
		{F49A74EB-9A26-4851-8C34-F48D432F5035}.Release|Any CPU.Build.0 = Release|Any CPU
		{B20FA524-D7A0-4A86-A0D8-BAE33F6E3351}.Debug|Any CPU.ActiveCfg = Debug|Any CPU
		{B20FA524-D7A0-4A86-A0D8-BAE33F6E3351}.Debug|Any CPU.Build.0 = Debug|Any CPU
		{B20FA524-D7A0-4A86-A0D8-BAE33F6E3351}.Release|Any CPU.ActiveCfg = Release|Any CPU
		{B20FA524-D7A0-4A86-A0D8-BAE33F6E3351}.Release|Any CPU.Build.0 = Release|Any CPU
	EndGlobalSection
	GlobalSection(SolutionProperties) = preSolution
		HideSolutionNode = FALSE
	EndGlobalSection
	GlobalSection(ExtensibilityGlobals) = postSolution
		SolutionGuid = {435B1E99-7778-4F4F-9E1C-C2E801AE9ADF}
	EndGlobalSection
EndGlobal
